
Microsoft Visual Studio Solution File, Format Version 12.00
# Visual Studio Version 17
VisualStudioVersion = 17.8.34525.116
MinimumVisualStudioVersion = 10.0.40219.1
Project("{9A19103F-16F7-4668-BE54-9A1E7A4F7556}") = "Reineur.API", "Reineur.API\Reineur.API.csproj", "{CCB852D4-7DB9-4BE7-A336-429036B0B991}"
EndProject
Project("{2150E333-8FDC-42A3-9474-1A3956D46DE8}") = "Modules", "Modules", "{1BE3FB67-F3BF-45C2-8BDA-9CBEFF21CCF1}"
EndProject
Project("{2150E333-8FDC-42A3-9474-1A3956D46DE8}") = "UserModule", "UserModule", "{47F394A0-101D-4861-BF53-D90EEF833CCF}"
EndProject
Project("{2150E333-8FDC-42A3-9474-1A3956D46DE8}") = "ForumModule", "ForumModule", "{6DE2630D-67C4-498F-9F36-7FD128DC5B31}"
EndProject
Project("{2150E333-8FDC-42A3-9474-1A3956D46DE8}") = "CommentModule", "CommentModule", "{E1B997C0-8649-4096-8E7F-BA92E7CEF000}"
EndProject
Project("{2150E333-8FDC-42A3-9474-1A3956D46DE8}") = "ChatModule", "ChatModule", "{A5547106-28D2-4B2E-8E4D-8969530D00EA}"
EndProject
Project("{2150E333-8FDC-42A3-9474-1A3956D46DE8}") = "ProgramModule", "ProgramModule", "{CC0AE4F0-FC9B-46CC-B194-3030F4319BA9}"
EndProject
Project("{9A19103F-16F7-4668-BE54-9A1E7A4F7556}") = "Programs.Application", "Modules\ProgramModule\Programs.Application\Programs.Application.csproj", "{0F1CC835-0648-4BC6-A07E-1133245AC53B}"
EndProject
Project("{9A19103F-16F7-4668-BE54-9A1E7A4F7556}") = "Programs.Infrastucture", "Modules\ProgramModule\Programs.Infrastucture\Programs.Infrastucture.csproj", "{CD1A1201-AEDA-49B3-8902-3A5B40FD166D}"
EndProject
Project("{9A19103F-16F7-4668-BE54-9A1E7A4F7556}") = "Forums.Application", "Modules\ForumModule\Forums.Application\Forums.Application.csproj", "{0743D3E5-426A-4D7A-A2DB-BCD48A6C5257}"
EndProject
Project("{9A19103F-16F7-4668-BE54-9A1E7A4F7556}") = "Forums.Infrastucture", "Modules\ForumModule\Forums.Infrastucture\Forums.Infrastucture.csproj", "{49234CA5-A0AD-47C3-85CD-37000F1FF5E4}"
EndProject
Project("{9A19103F-16F7-4668-BE54-9A1E7A4F7556}") = "Comments.Application", "Modules\CommentModule\Comments.Application\Comments.Application.csproj", "{72E5A0D6-70F6-4971-B80B-07242E6F72C4}"
EndProject
Project("{9A19103F-16F7-4668-BE54-9A1E7A4F7556}") = "Comments.Infrastucture", "Modules\CommentModule\Comments.Infrastucture\Comments.Infrastucture.csproj", "{A49C78E3-92F8-437B-8426-E66FA6C2828E}"
EndProject
Project("{9A19103F-16F7-4668-BE54-9A1E7A4F7556}") = "Chats.Application", "Modules\ChatModule\Chats.Application\Chats.Application.csproj", "{AEC1CBA3-032F-4DF0-AB30-2A64D8F1E8EA}"
EndProject
Project("{9A19103F-16F7-4668-BE54-9A1E7A4F7556}") = "Chats.Infrastucture", "Modules\ChatModule\Chats.Infrastucture\Chats.Infrastucture.csproj", "{EF2620BE-EE08-4120-A3F8-DD386F28622F}"
EndProject
Project("{9A19103F-16F7-4668-BE54-9A1E7A4F7556}") = "Users.Application", "Modules\UserModule\Users.Application\Users.Application.csproj", "{CFD1D7C1-FB5D-421C-A530-7E2D54C448E1}"
EndProject
Project("{9A19103F-16F7-4668-BE54-9A1E7A4F7556}") = "Users.Infrastucture", "Modules\UserModule\Users.Infrastucture\Users.Infrastucture.csproj", "{439E25A0-5BAD-48B1-A96E-BFC7DB80A912}"
EndProject
Project("{FAE04EC0-301F-11D3-BF4B-00C04F79EFBC}") = "Reineur.Share", "Modules\Reineur.Share\Reineur.Share.csproj", "{E7A86176-88D7-4227-A8DD-E3863B8DFDE7}"
EndProject
Global
	GlobalSection(SolutionConfigurationPlatforms) = preSolution
		Debug|Any CPU = Debug|Any CPU
		Release|Any CPU = Release|Any CPU
	EndGlobalSection
	GlobalSection(ProjectConfigurationPlatforms) = postSolution
		{CCB852D4-7DB9-4BE7-A336-429036B0B991}.Debug|Any CPU.ActiveCfg = Debug|Any CPU
		{CCB852D4-7DB9-4BE7-A336-429036B0B991}.Debug|Any CPU.Build.0 = Debug|Any CPU
		{CCB852D4-7DB9-4BE7-A336-429036B0B991}.Release|Any CPU.ActiveCfg = Release|Any CPU
		{CCB852D4-7DB9-4BE7-A336-429036B0B991}.Release|Any CPU.Build.0 = Release|Any CPU
		{0F1CC835-0648-4BC6-A07E-1133245AC53B}.Debug|Any CPU.ActiveCfg = Debug|Any CPU
		{0F1CC835-0648-4BC6-A07E-1133245AC53B}.Debug|Any CPU.Build.0 = Debug|Any CPU
		{0F1CC835-0648-4BC6-A07E-1133245AC53B}.Release|Any CPU.ActiveCfg = Release|Any CPU
		{0F1CC835-0648-4BC6-A07E-1133245AC53B}.Release|Any CPU.Build.0 = Release|Any CPU
		{CD1A1201-AEDA-49B3-8902-3A5B40FD166D}.Debug|Any CPU.ActiveCfg = Debug|Any CPU
		{CD1A1201-AEDA-49B3-8902-3A5B40FD166D}.Debug|Any CPU.Build.0 = Debug|Any CPU
		{CD1A1201-AEDA-49B3-8902-3A5B40FD166D}.Release|Any CPU.ActiveCfg = Release|Any CPU
		{CD1A1201-AEDA-49B3-8902-3A5B40FD166D}.Release|Any CPU.Build.0 = Release|Any CPU
		{0743D3E5-426A-4D7A-A2DB-BCD48A6C5257}.Debug|Any CPU.ActiveCfg = Debug|Any CPU
		{0743D3E5-426A-4D7A-A2DB-BCD48A6C5257}.Debug|Any CPU.Build.0 = Debug|Any CPU
		{0743D3E5-426A-4D7A-A2DB-BCD48A6C5257}.Release|Any CPU.ActiveCfg = Release|Any CPU
		{0743D3E5-426A-4D7A-A2DB-BCD48A6C5257}.Release|Any CPU.Build.0 = Release|Any CPU
		{49234CA5-A0AD-47C3-85CD-37000F1FF5E4}.Debug|Any CPU.ActiveCfg = Debug|Any CPU
		{49234CA5-A0AD-47C3-85CD-37000F1FF5E4}.Debug|Any CPU.Build.0 = Debug|Any CPU
		{49234CA5-A0AD-47C3-85CD-37000F1FF5E4}.Release|Any CPU.ActiveCfg = Release|Any CPU
		{49234CA5-A0AD-47C3-85CD-37000F1FF5E4}.Release|Any CPU.Build.0 = Release|Any CPU
		{72E5A0D6-70F6-4971-B80B-07242E6F72C4}.Debug|Any CPU.ActiveCfg = Debug|Any CPU
		{72E5A0D6-70F6-4971-B80B-07242E6F72C4}.Debug|Any CPU.Build.0 = Debug|Any CPU
		{72E5A0D6-70F6-4971-B80B-07242E6F72C4}.Release|Any CPU.ActiveCfg = Release|Any CPU
		{72E5A0D6-70F6-4971-B80B-07242E6F72C4}.Release|Any CPU.Build.0 = Release|Any CPU
		{A49C78E3-92F8-437B-8426-E66FA6C2828E}.Debug|Any CPU.ActiveCfg = Debug|Any CPU
		{A49C78E3-92F8-437B-8426-E66FA6C2828E}.Debug|Any CPU.Build.0 = Debug|Any CPU
		{A49C78E3-92F8-437B-8426-E66FA6C2828E}.Release|Any CPU.ActiveCfg = Release|Any CPU
		{A49C78E3-92F8-437B-8426-E66FA6C2828E}.Release|Any CPU.Build.0 = Release|Any CPU
		{AEC1CBA3-032F-4DF0-AB30-2A64D8F1E8EA}.Debug|Any CPU.ActiveCfg = Debug|Any CPU
		{AEC1CBA3-032F-4DF0-AB30-2A64D8F1E8EA}.Debug|Any CPU.Build.0 = Debug|Any CPU
		{AEC1CBA3-032F-4DF0-AB30-2A64D8F1E8EA}.Release|Any CPU.ActiveCfg = Release|Any CPU
		{AEC1CBA3-032F-4DF0-AB30-2A64D8F1E8EA}.Release|Any CPU.Build.0 = Release|Any CPU
		{EF2620BE-EE08-4120-A3F8-DD386F28622F}.Debug|Any CPU.ActiveCfg = Debug|Any CPU
		{EF2620BE-EE08-4120-A3F8-DD386F28622F}.Debug|Any CPU.Build.0 = Debug|Any CPU
		{EF2620BE-EE08-4120-A3F8-DD386F28622F}.Release|Any CPU.ActiveCfg = Release|Any CPU
		{EF2620BE-EE08-4120-A3F8-DD386F28622F}.Release|Any CPU.Build.0 = Release|Any CPU
		{CFD1D7C1-FB5D-421C-A530-7E2D54C448E1}.Debug|Any CPU.ActiveCfg = Debug|Any CPU
		{CFD1D7C1-FB5D-421C-A530-7E2D54C448E1}.Debug|Any CPU.Build.0 = Debug|Any CPU
		{CFD1D7C1-FB5D-421C-A530-7E2D54C448E1}.Release|Any CPU.ActiveCfg = Release|Any CPU
		{CFD1D7C1-FB5D-421C-A530-7E2D54C448E1}.Release|Any CPU.Build.0 = Release|Any CPU
		{439E25A0-5BAD-48B1-A96E-BFC7DB80A912}.Debug|Any CPU.ActiveCfg = Debug|Any CPU
		{439E25A0-5BAD-48B1-A96E-BFC7DB80A912}.Debug|Any CPU.Build.0 = Debug|Any CPU
		{439E25A0-5BAD-48B1-A96E-BFC7DB80A912}.Release|Any CPU.ActiveCfg = Release|Any CPU
		{439E25A0-5BAD-48B1-A96E-BFC7DB80A912}.Release|Any CPU.Build.0 = Release|Any CPU
		{E7A86176-88D7-4227-A8DD-E3863B8DFDE7}.Debug|Any CPU.ActiveCfg = Debug|Any CPU
		{E7A86176-88D7-4227-A8DD-E3863B8DFDE7}.Debug|Any CPU.Build.0 = Debug|Any CPU
		{E7A86176-88D7-4227-A8DD-E3863B8DFDE7}.Release|Any CPU.ActiveCfg = Release|Any CPU
		{E7A86176-88D7-4227-A8DD-E3863B8DFDE7}.Release|Any CPU.Build.0 = Release|Any CPU
	EndGlobalSection
	GlobalSection(SolutionProperties) = preSolution
		HideSolutionNode = FALSE
	EndGlobalSection
	GlobalSection(NestedProjects) = preSolution
		{47F394A0-101D-4861-BF53-D90EEF833CCF} = {1BE3FB67-F3BF-45C2-8BDA-9CBEFF21CCF1}
		{6DE2630D-67C4-498F-9F36-7FD128DC5B31} = {1BE3FB67-F3BF-45C2-8BDA-9CBEFF21CCF1}
		{E1B997C0-8649-4096-8E7F-BA92E7CEF000} = {1BE3FB67-F3BF-45C2-8BDA-9CBEFF21CCF1}
		{A5547106-28D2-4B2E-8E4D-8969530D00EA} = {1BE3FB67-F3BF-45C2-8BDA-9CBEFF21CCF1}
		{CC0AE4F0-FC9B-46CC-B194-3030F4319BA9} = {1BE3FB67-F3BF-45C2-8BDA-9CBEFF21CCF1}
		{0F1CC835-0648-4BC6-A07E-1133245AC53B} = {CC0AE4F0-FC9B-46CC-B194-3030F4319BA9}
		{CD1A1201-AEDA-49B3-8902-3A5B40FD166D} = {CC0AE4F0-FC9B-46CC-B194-3030F4319BA9}
		{0743D3E5-426A-4D7A-A2DB-BCD48A6C5257} = {6DE2630D-67C4-498F-9F36-7FD128DC5B31}
		{49234CA5-A0AD-47C3-85CD-37000F1FF5E4} = {6DE2630D-67C4-498F-9F36-7FD128DC5B31}
		{72E5A0D6-70F6-4971-B80B-07242E6F72C4} = {E1B997C0-8649-4096-8E7F-BA92E7CEF000}
		{A49C78E3-92F8-437B-8426-E66FA6C2828E} = {E1B997C0-8649-4096-8E7F-BA92E7CEF000}
		{AEC1CBA3-032F-4DF0-AB30-2A64D8F1E8EA} = {A5547106-28D2-4B2E-8E4D-8969530D00EA}
		{EF2620BE-EE08-4120-A3F8-DD386F28622F} = {A5547106-28D2-4B2E-8E4D-8969530D00EA}
		{CFD1D7C1-FB5D-421C-A530-7E2D54C448E1} = {47F394A0-101D-4861-BF53-D90EEF833CCF}
		{439E25A0-5BAD-48B1-A96E-BFC7DB80A912} = {47F394A0-101D-4861-BF53-D90EEF833CCF}
		{E7A86176-88D7-4227-A8DD-E3863B8DFDE7} = {1BE3FB67-F3BF-45C2-8BDA-9CBEFF21CCF1}
	EndGlobalSection
	GlobalSection(ExtensibilityGlobals) = postSolution
		SolutionGuid = {384588A1-B71B-4AB6-BD0A-3A0C9B3EA9DC}
	EndGlobalSection
EndGlobal
